// !$*UTF8*$!
{
	archiveVersion = 1;
	classes = {
	};
	objectVersion = 56;
	objects = {

/* Begin PBXBuildFile section */
		BA50D86A2A95DAF000E3A9CD /* AppDelegate.swift in Sources */ = {isa = PBXBuildFile; fileRef = BA50D8692A95DAF000E3A9CD /* AppDelegate.swift */; };
		BA50D86C2A95DAF000E3A9CD /* SceneDelegate.swift in Sources */ = {isa = PBXBuildFile; fileRef = BA50D86B2A95DAF000E3A9CD /* SceneDelegate.swift */; };
		BA50D86E2A95DAF000E3A9CD /* ViewController.swift in Sources */ = {isa = PBXBuildFile; fileRef = BA50D86D2A95DAF000E3A9CD /* ViewController.swift */; };
		BA50D8712A95DAF000E3A9CD /* Main.storyboard in Resources */ = {isa = PBXBuildFile; fileRef = BA50D86F2A95DAF000E3A9CD /* Main.storyboard */; };
		BA50D8732A95DAF100E3A9CD /* Assets.xcassets in Resources */ = {isa = PBXBuildFile; fileRef = BA50D8722A95DAF100E3A9CD /* Assets.xcassets */; };
		BA50D8762A95DAF100E3A9CD /* LaunchScreen.storyboard in Resources */ = {isa = PBXBuildFile; fileRef = BA50D8742A95DAF100E3A9CD /* LaunchScreen.storyboard */; };
		BA50D87E2A95DBD400E3A9CD /* TableViewController.swift in Sources */ = {isa = PBXBuildFile; fileRef = BA50D87D2A95DBD300E3A9CD /* TableViewController.swift */; };
		BA50D8802A96020D00E3A9CD /* ContactsItem.swift in Sources */ = {isa = PBXBuildFile; fileRef = BA50D87F2A96020D00E3A9CD /* ContactsItem.swift */; };
/* End PBXBuildFile section */

/* Begin PBXFileReference section */
		BA50D8662A95DAF000E3A9CD /* ContactsTabBar.app */ = {isa = PBXFileReference; explicitFileType = wrapper.application; includeInIndex = 0; path = ContactsTabBar.app; sourceTree = BUILT_PRODUCTS_DIR; };
		BA50D8692A95DAF000E3A9CD /* AppDelegate.swift */ = {isa = PBXFileReference; lastKnownFileType = sourcecode.swift; path = AppDelegate.swift; sourceTree = "<group>"; };
		BA50D86B2A95DAF000E3A9CD /* SceneDelegate.swift */ = {isa = PBXFileReference; lastKnownFileType = sourcecode.swift; path = SceneDelegate.swift; sourceTree = "<group>"; };
		BA50D86D2A95DAF000E3A9CD /* ViewController.swift */ = {isa = PBXFileReference; lastKnownFileType = sourcecode.swift; path = ViewController.swift; sourceTree = "<group>"; };
		BA50D8702A95DAF000E3A9CD /* Base */ = {isa = PBXFileReference; lastKnownFileType = file.storyboard; name = Base; path = Base.lproj/Main.storyboard; sourceTree = "<group>"; };
		BA50D8722A95DAF100E3A9CD /* Assets.xcassets */ = {isa = PBXFileReference; lastKnownFileType = folder.assetcatalog; path = Assets.xcassets; sourceTree = "<group>"; };
		BA50D8752A95DAF100E3A9CD /* Base */ = {isa = PBXFileReference; lastKnownFileType = file.storyboard; name = Base; path = Base.lproj/LaunchScreen.storyboard; sourceTree = "<group>"; };
		BA50D8772A95DAF100E3A9CD /* Info.plist */ = {isa = PBXFileReference; lastKnownFileType = text.plist.xml; path = Info.plist; sourceTree = "<group>"; };
		BA50D87D2A95DBD300E3A9CD /* TableViewController.swift */ = {isa = PBXFileReference; lastKnownFileType = sourcecode.swift; path = TableViewController.swift; sourceTree = "<group>"; };
		BA50D87F2A96020D00E3A9CD /* ContactsItem.swift */ = {isa = PBXFileReference; lastKnownFileType = sourcecode.swift; path = ContactsItem.swift; sourceTree = "<group>"; };
/* End PBXFileReference section */

/* Begin PBXFrameworksBuildPhase section */
		BA50D8632A95DAF000E3A9CD /* Frameworks */ = {
			isa = PBXFrameworksBuildPhase;
			buildActionMask = 2147483647;
			files = (
			);
			runOnlyForDeploymentPostprocessing = 0;
		};
/* End PBXFrameworksBuildPhase section */

/* Begin PBXGroup section */
		BA50D85D2A95DAF000E3A9CD = {
			isa = PBXGroup;
			children = (
				BA50D8682A95DAF000E3A9CD /* ContactsTabBar */,
				BA50D8672A95DAF000E3A9CD /* Products */,
			);
			sourceTree = "<group>";
		};
		BA50D8672A95DAF000E3A9CD /* Products */ = {
			isa = PBXGroup;
			children = (
				BA50D8662A95DAF000E3A9CD /* ContactsTabBar.app */,
			);
			name = Products;
			sourceTree = "<group>";
		};
		BA50D8682A95DAF000E3A9CD /* ContactsTabBar */ = {
			isa = PBXGroup;
			children = (
				BA50D87F2A96020D00E3A9CD /* ContactsItem.swift */,
				BA50D87D2A95DBD300E3A9CD /* TableViewController.swift */,
				BA50D8692A95DAF000E3A9CD /* AppDelegate.swift */,
				BA50D86B2A95DAF000E3A9CD /* SceneDelegate.swift */,
				BA50D86D2A95DAF000E3A9CD /* ViewController.swift */,
				BA50D86F2A95DAF000E3A9CD /* Main.storyboard */,
				BA50D8722A95DAF100E3A9CD /* Assets.xcassets */,
				BA50D8742A95DAF100E3A9CD /* LaunchScreen.storyboard */,
				BA50D8772A95DAF100E3A9CD /* Info.plist */,
			);
			path = ContactsTabBar;
			sourceTree = "<group>";
		};
/* End PBXGroup section */

/* Begin PBXNativeTarget section */
		BA50D8652A95DAF000E3A9CD /* ContactsTabBar */ = {
			isa = PBXNativeTarget;
			buildConfigurationList = BA50D87A2A95DAF100E3A9CD /* Build configuration list for PBXNativeTarget "ContactsTabBar" */;
			buildPhases = (
				BA50D8622A95DAF000E3A9CD /* Sources */,
				BA50D8632A95DAF000E3A9CD /* Frameworks */,
				BA50D8642A95DAF000E3A9CD /* Resources */,
			);
			buildRules = (
			);
			dependencies = (
			);
			name = ContactsTabBar;
			productName = ContactsTabBar;
			productReference = BA50D8662A95DAF000E3A9CD /* ContactsTabBar.app */;
			productType = "com.apple.product-type.application";
		};
/* End PBXNativeTarget section */

/* Begin PBXProject section */
		BA50D85E2A95DAF000E3A9CD /* Project object */ = {
			isa = PBXProject;
			attributes = {
				BuildIndependentTargetsInParallel = 1;
				LastSwiftUpdateCheck = 1430;
				LastUpgradeCheck = 1430;
				TargetAttributes = {
					BA50D8652A95DAF000E3A9CD = {
						CreatedOnToolsVersion = 14.3.1;
					};
				};
			};
			buildConfigurationList = BA50D8612A95DAF000E3A9CD /* Build configuration list for PBXProject "ContactsTabBar" */;
			compatibilityVersion = "Xcode 14.0";
			developmentRegion = en;
			hasScannedForEncodings = 0;
			knownRegions = (
				en,
				Base,
			);
			mainGroup = BA50D85D2A95DAF000E3A9CD;
			productRefGroup = BA50D8672A95DAF000E3A9CD /* Products */;
			projectDirPath = "";
			projectRoot = "";
			targets = (
				BA50D8652A95DAF000E3A9CD /* ContactsTabBar */,
			);
		};
/* End PBXProject section */

/* Begin PBXResourcesBuildPhase section */
		BA50D8642A95DAF000E3A9CD /* Resources */ = {
			isa = PBXResourcesBuildPhase;
			buildActionMask = 2147483647;
			files = (
				BA50D8762A95DAF100E3A9CD /* LaunchScreen.storyboard in Resources */,
				BA50D8732A95DAF100E3A9CD /* Assets.xcassets in Resources */,
				BA50D8712A95DAF000E3A9CD /* Main.storyboard in Resources */,
			);
			runOnlyForDeploymentPostprocessing = 0;
		};
/* End PBXResourcesBuildPhase section */

/* Begin PBXSourcesBuildPhase section */
		BA50D8622A95DAF000E3A9CD /* Sources */ = {
			isa = PBXSourcesBuildPhase;
			buildActionMask = 2147483647;
			files = (
				BA50D86E2A95DAF000E3A9CD /* ViewController.swift in Sources */,
				BA50D86A2A95DAF000E3A9CD /* AppDelegate.swift in Sources */,
				BA50D86C2A95DAF000E3A9CD /* SceneDelegate.swift in Sources */,
				BA50D8802A96020D00E3A9CD /* ContactsItem.swift in Sources */,
				BA50D87E2A95DBD400E3A9CD /* TableViewController.swift in Sources */,
			);
			runOnlyForDeploymentPostprocessing = 0;
		};
/* End PBXSourcesBuildPhase section */

/* Begin PBXVariantGroup section */
		BA50D86F2A95DAF000E3A9CD /* Main.storyboard */ = {
			isa = PBXVariantGroup;
			children = (
				BA50D8702A95DAF000E3A9CD /* Base */,
			);
			name = Main.storyboard;
			sourceTree = "<group>";
		};
		BA50D8742A95DAF100E3A9CD /* LaunchScreen.storyboard */ = {
			isa = PBXVariantGroup;
			children = (
				BA50D8752A95DAF100E3A9CD /* Base */,
			);
			name = LaunchScreen.storyboard;
			sourceTree = "<group>";
		};
/* End PBXVariantGroup section */

/* Begin XCBuildConfiguration section */
		BA50D8782A95DAF100E3A9CD /* Debug */ = {
			isa = XCBuildConfiguration;
			buildSettings = {
				ALWAYS_SEARCH_USER_PATHS = NO;
				CLANG_ANALYZER_NONNULL = YES;
				CLANG_ANALYZER_NUMBER_OBJECT_CONVERSION = YES_AGGRESSIVE;
				CLANG_CXX_LANGUAGE_STANDARD = "gnu++20";
				CLANG_ENABLE_MODULES = YES;
				CLANG_ENABLE_OBJC_ARC = YES;
				CLANG_ENABLE_OBJC_WEAK = YES;
				CLANG_WARN_BLOCK_CAPTURE_AUTORELEASING = YES;
				CLANG_WARN_BOOL_CONVERSION = YES;
				CLANG_WARN_COMMA = YES;
				CLANG_WARN_CONSTANT_CONVERSION = YES;
				CLANG_WARN_DEPRECATED_OBJC_IMPLEMENTATIONS = YES;
				CLANG_WARN_DIRECT_OBJC_ISA_USAGE = YES_ERROR;
				CLANG_WARN_DOCUMENTATION_COMMENTS = YES;
				CLANG_WARN_EMPTY_BODY = YES;
				CLANG_WARN_ENUM_CONVERSION = YES;
				CLANG_WARN_INFINITE_RECURSION = YES;
				CLANG_WARN_INT_CONVERSION = YES;
				CLANG_WARN_NON_LITERAL_NULL_CONVERSION = YES;
				CLANG_WARN_OBJC_IMPLICIT_RETAIN_SELF = YES;
				CLANG_WARN_OBJC_LITERAL_CONVERSION = YES;
				CLANG_WARN_OBJC_ROOT_CLASS = YES_ERROR;
				CLANG_WARN_QUOTED_INCLUDE_IN_FRAMEWORK_HEADER = YES;
				CLANG_WARN_RANGE_LOOP_ANALYSIS = YES;
				CLANG_WARN_STRICT_PROTOTYPES = YES;
				CLANG_WARN_SUSPICIOUS_MOVE = YES;
				CLANG_WARN_UNGUARDED_AVAILABILITY = YES_AGGRESSIVE;
				CLANG_WARN_UNREACHABLE_CODE = YES;
				CLANG_WARN__DUPLICATE_METHOD_MATCH = YES;
				COPY_PHASE_STRIP = NO;
				DEBUG_INFORMATION_FORMAT = dwarf;
				ENABLE_STRICT_OBJC_MSGSEND = YES;
				ENABLE_TESTABILITY = YES;
				GCC_C_LANGUAGE_STANDARD = gnu11;
				GCC_DYNAMIC_NO_PIC = NO;
				GCC_NO_COMMON_BLOCKS = YES;
				GCC_OPTIMIZATION_LEVEL = 0;
				GCC_PREPROCESSOR_DEFINITIONS = (
					"DEBUG=1",
					"$(inherited)",
				);
				GCC_WARN_64_TO_32_BIT_CONVERSION = YES;
				GCC_WARN_ABOUT_RETURN_TYPE = YES_ERROR;
				GCC_WARN_UNDECLARED_SELECTOR = YES;
				GCC_WARN_UNINITIALIZED_AUTOS = YES_AGGRESSIVE;
				GCC_WARN_UNUSED_FUNCTION = YES;
				GCC_WARN_UNUSED_VARIABLE = YES;
				IPHONEOS_DEPLOYMENT_TARGET = 16.4;
				MTL_ENABLE_DEBUG_INFO = INCLUDE_SOURCE;
				MTL_FAST_MATH = YES;
				ONLY_ACTIVE_ARCH = YES;
				SDKROOT = iphoneos;
				SWIFT_ACTIVE_COMPILATION_CONDITIONS = DEBUG;
				SWIFT_OPTIMIZATION_LEVEL = "-Onone";
			};
			name = Debug;
		};
		BA50D8792A95DAF100E3A9CD /* Release */ = {
			isa = XCBuildConfiguration;
			buildSettings = {
				ALWAYS_SEARCH_USER_PATHS = NO;
				CLANG_ANALYZER_NONNULL = YES;
				CLANG_ANALYZER_NUMBER_OBJECT_CONVERSION = YES_AGGRESSIVE;
				CLANG_CXX_LANGUAGE_STANDARD = "gnu++20";
				CLANG_ENABLE_MODULES = YES;
				CLANG_ENABLE_OBJC_ARC = YES;
				CLANG_ENABLE_OBJC_WEAK = YES;
				CLANG_WARN_BLOCK_CAPTURE_AUTORELEASING = YES;
				CLANG_WARN_BOOL_CONVERSION = YES;
				CLANG_WARN_COMMA = YES;
				CLANG_WARN_CONSTANT_CONVERSION = YES;
				CLANG_WARN_DEPRECATED_OBJC_IMPLEMENTATIONS = YES;
				CLANG_WARN_DIRECT_OBJC_ISA_USAGE = YES_ERROR;
				CLANG_WARN_DOCUMENTATION_COMMENTS = YES;
				CLANG_WARN_EMPTY_BODY = YES;
				CLANG_WARN_ENUM_CONVERSION = YES;
				CLANG_WARN_INFINITE_RECURSION = YES;
				CLANG_WARN_INT_CONVERSION = YES;
				CLANG_WARN_NON_LITERAL_NULL_CONVERSION = YES;
				CLANG_WARN_OBJC_IMPLICIT_RETAIN_SELF = YES;
				CLANG_WARN_OBJC_LITERAL_CONVERSION = YES;
				CLANG_WARN_OBJC_ROOT_CLASS = YES_ERROR;
				CLANG_WARN_QUOTED_INCLUDE_IN_FRAMEWORK_HEADER = YES;
				CLANG_WARN_RANGE_LOOP_ANALYSIS = YES;
				CLANG_WARN_STRICT_PROTOTYPES = YES;
				CLANG_WARN_SUSPICIOUS_MOVE = YES;
				CLANG_WARN_UNGUARDED_AVAILABILITY = YES_AGGRESSIVE;
				CLANG_WARN_UNREACHABLE_CODE = YES;
				CLANG_WARN__DUPLICATE_METHOD_MATCH = YES;
				COPY_PHASE_STRIP = NO;
				DEBUG_INFORMATION_FORMAT = "dwarf-with-dsym";
				ENABLE_NS_ASSERTIONS = NO;
				ENABLE_STRICT_OBJC_MSGSEND = YES;
				GCC_C_LANGUAGE_STANDARD = gnu11;
				GCC_NO_COMMON_BLOCKS = YES;
				GCC_WARN_64_TO_32_BIT_CONVERSION = YES;
				GCC_WARN_ABOUT_RETURN_TYPE = YES_ERROR;
				GCC_WARN_UNDECLARED_SELECTOR = YES;
				GCC_WARN_UNINITIALIZED_AUTOS = YES_AGGRESSIVE;
				GCC_WARN_UNUSED_FUNCTION = YES;
				GCC_WARN_UNUSED_VARIABLE = YES;
				IPHONEOS_DEPLOYMENT_TARGET = 16.4;
				MTL_ENABLE_DEBUG_INFO = NO;
				MTL_FAST_MATH = YES;
				SDKROOT = iphoneos;
				SWIFT_COMPILATION_MODE = wholemodule;
				SWIFT_OPTIMIZATION_LEVEL = "-O";
				VALIDATE_PRODUCT = YES;
			};
			name = Release;
		};
		BA50D87B2A95DAF100E3A9CD /* Debug */ = {
			isa = XCBuildConfiguration;
			buildSettings = {
				ASSETCATALOG_COMPILER_APPICON_NAME = AppIcon;
				ASSETCATALOG_COMPILER_GLOBAL_ACCENT_COLOR_NAME = AccentColor;
				CODE_SIGN_STYLE = Automatic;
				CURRENT_PROJECT_VERSION = 1;
				GENERATE_INFOPLIST_FILE = YES;
				INFOPLIST_FILE = ContactsTabBar/Info.plist;
				INFOPLIST_KEY_UIApplicationSupportsIndirectInputEvents = YES;
				INFOPLIST_KEY_UILaunchStoryboardName = LaunchScreen;
				INFOPLIST_KEY_UIMainStoryboardFile = Main;
				INFOPLIST_KEY_UISupportedInterfaceOrientations_iPad = "UIInterfaceOrientationPortrait UIInterfaceOrientationPortraitUpsideDown UIInterfaceOrientationLandscapeLeft UIInterfaceOrientationLandscapeRight";
				INFOPLIST_KEY_UISupportedInterfaceOrientations_iPhone = "UIInterfaceOrientationPortrait UIInterfaceOrientationLandscapeLeft UIInterfaceOrientationLandscapeRight";
				LD_RUNPATH_SEARCH_PATHS = (
					"$(inherited)",
					"@executable_path/Frameworks",
				);
				MARKETING_VERSION = 1.0;
				PRODUCT_BUNDLE_IDENTIFIER = kz.serik.ContactsTabBar;
				PRODUCT_NAME = "$(TARGET_NAME)";
				SWIFT_EMIT_LOC_STRINGS = YES;
				SWIFT_VERSION = 5.0;
				TARGETED_DEVICE_FAMILY = "1,2";
			};
			name = Debug;
		};
		BA50D87C2A95DAF100E3A9CD /* Release */ = {
			isa = XCBuildConfiguration;
			buildSettings = {
				ASSETCATALOG_COMPILER_APPICON_NAME = AppIcon;
				ASSETCATALOG_COMPILER_GLOBAL_ACCENT_COLOR_NAME = AccentColor;
				CODE_SIGN_STYLE = Automatic;
				CURRENT_PROJECT_VERSION = 1;
				GENERATE_INFOPLIST_FILE = YES;
				INFOPLIST_FILE = ContactsTabBar/Info.plist;
				INFOPLIST_KEY_UIApplicationSupportsIndirectInputEvents = YES;
				INFOPLIST_KEY_UILaunchStoryboardName = LaunchScreen;
				INFOPLIST_KEY_UIMainStoryboardFile = Main;
				INFOPLIST_KEY_UISupportedInterfaceOrientations_iPad = "UIInterfaceOrientationPortrait UIInterfaceOrientationPortraitUpsideDown UIInterfaceOrientationLandscapeLeft UIInterfaceOrientationLandscapeRight";
				INFOPLIST_KEY_UISupportedInterfaceOrientations_iPhone = "UIInterfaceOrientationPortrait UIInterfaceOrientationLandscapeLeft UIInterfaceOrientationLandscapeRight";
				LD_RUNPATH_SEARCH_PATHS = (
					"$(inherited)",
					"@executable_path/Frameworks",
				);
				MARKETING_VERSION = 1.0;
				PRODUCT_BUNDLE_IDENTIFIER = kz.serik.ContactsTabBar;
				PRODUCT_NAME = "$(TARGET_NAME)";
				SWIFT_EMIT_LOC_STRINGS = YES;
				SWIFT_VERSION = 5.0;
				TARGETED_DEVICE_FAMILY = "1,2";
			};
			name = Release;
		};
/* End XCBuildConfiguration section */

/* Begin XCConfigurationList section */
		BA50D8612A95DAF000E3A9CD /* Build configuration list for PBXProject "ContactsTabBar" */ = {
			isa = XCConfigurationList;
			buildConfigurations = (
				BA50D8782A95DAF100E3A9CD /* Debug */,
				BA50D8792A95DAF100E3A9CD /* Release */,
			);
			defaultConfigurationIsVisible = 0;
			defaultConfigurationName = Release;
		};
		BA50D87A2A95DAF100E3A9CD /* Build configuration list for PBXNativeTarget "ContactsTabBar" */ = {
			isa = XCConfigurationList;
			buildConfigurations = (
				BA50D87B2A95DAF100E3A9CD /* Debug */,
				BA50D87C2A95DAF100E3A9CD /* Release */,
			);
			defaultConfigurationIsVisible = 0;
			defaultConfigurationName = Release;
		};
/* End XCConfigurationList section */
	};
	rootObject = BA50D85E2A95DAF000E3A9CD /* Project object */;
}
